
Microsoft Visual Studio Solution File, Format Version 12.00
# Visual Studio Version 16
VisualStudioVersion = 16.0.32428.217
MinimumVisualStudioVersion = 10.0.40219.1
Project("{9A19103F-16F7-4668-BE54-9A1E7A4F7556}") = "SportsStore", "SportsStore\SportsStore.csproj", "{C2A5F934-8824-40BA-BEE9-D88F170BBA23}"
EndProject
Project("{9A19103F-16F7-4668-BE54-9A1E7A4F7556}") = "Konstruktoren", "Konstruktoren\Konstruktoren.csproj", "{29B9BFD5-114E-4081-8349-8449B3718237}"
EndProject
Global
	GlobalSection(SolutionConfigurationPlatforms) = preSolution
		Debug|Any CPU = Debug|Any CPU
		Release|Any CPU = Release|Any CPU
	EndGlobalSection
	GlobalSection(ProjectConfigurationPlatforms) = postSolution
		{C2A5F934-8824-40BA-BEE9-D88F170BBA23}.Debug|Any CPU.ActiveCfg = Debug|Any CPU
		{C2A5F934-8824-40BA-BEE9-D88F170BBA23}.Debug|Any CPU.Build.0 = Debug|Any CPU
		{C2A5F934-8824-40BA-BEE9-D88F170BBA23}.Release|Any CPU.ActiveCfg = Release|Any CPU
		{C2A5F934-8824-40BA-BEE9-D88F170BBA23}.Release|Any CPU.Build.0 = Release|Any CPU
		{29B9BFD5-114E-4081-8349-8449B3718237}.Debug|Any CPU.ActiveCfg = Debug|Any CPU
		{29B9BFD5-114E-4081-8349-8449B3718237}.Debug|Any CPU.Build.0 = Debug|Any CPU
		{29B9BFD5-114E-4081-8349-8449B3718237}.Release|Any CPU.ActiveCfg = Release|Any CPU
		{29B9BFD5-114E-4081-8349-8449B3718237}.Release|Any CPU.Build.0 = Release|Any CPU
	EndGlobalSection
	GlobalSection(SolutionProperties) = preSolution
		HideSolutionNode = FALSE
	EndGlobalSection
	GlobalSection(ExtensibilityGlobals) = postSolution
		SolutionGuid = {21026AEC-03FB-47FE-B690-6E2178C7CC04}
	EndGlobalSection
EndGlobal
